
Microsoft Visual Studio Solution File, Format Version 12.00
# Visual Studio 14
VisualStudioVersion = 14.0.25123.0
MinimumVisualStudioVersion = 10.0.40219.1
Project("{FAE04EC0-301F-11D3-BF4B-00C04F79EFBC}") = "BaseDomainObjects", "EventSourcingStoreManager\BaseDomainObjects.csproj", "{2E328522-D4C6-4449-A383-AD140E5D345E}"
EndProject
Project("{FAE04EC0-301F-11D3-BF4B-00C04F79EFBC}") = "SpotCharterDomain", "SpotCharterDomain\SpotCharterDomain.csproj", "{9AB64050-096F-4F2F-8C5E-F87D4B420ED8}"
EndProject
Project("{FAE04EC0-301F-11D3-BF4B-00C04F79EFBC}") = "PostgresSQLEventSourceRepository", "SpotCharterRepository\PostgresSQLEventSourceRepository.csproj", "{DBFA7915-A682-41B8-9924-7EEDB8524F92}"
EndProject
Project("{FAE04EC0-301F-11D3-BF4B-00C04F79EFBC}") = "SharedShippingDomainObjects", "SharedValueObjects\SharedShippingDomainObjects.csproj", "{7E23E853-DCE6-44D6-9931-D542915C954C}"
EndProject
Project("{FAE04EC0-301F-11D3-BF4B-00C04F79EFBC}") = "DomainObjectsTests", "DomainObjectsTests\DomainObjectsTests.csproj", "{4A9B9EB2-475B-467B-8C6C-6DF407790CD4}"
EndProject
Project("{FAE04EC0-301F-11D3-BF4B-00C04F79EFBC}") = "SpotCharterServices", "SpotCharterServices\SpotCharterServices.csproj", "{183F693F-89C5-4107-892B-20F51F7959E6}"
EndProject
Project("{FAE04EC0-301F-11D3-BF4B-00C04F79EFBC}") = "InMemoryEventSourceSpotRepository", "InMemoryEventSourceSpotRepository\InMemoryEventSourceSpotRepository.csproj", "{838F27DF-14B4-49A2-A854-89CCE1FF5B31}"
EndProject
Project("{FAE04EC0-301F-11D3-BF4B-00C04F79EFBC}") = "SpotCharterEventSourcedRepository", "SpotCharterEventSourcedRepository\SpotCharterEventSourcedRepository.csproj", "{37B1BB3C-A886-4B18-9732-A7E2F906C08E}"
EndProject
Project("{FAE04EC0-301F-11D3-BF4B-00C04F79EFBC}") = "SpotCharterEventSourcedRepositoryTests", "SpotCharterEventSourcedRepositoryTests\SpotCharterEventSourcedRepositoryTests.csproj", "{7DAE0D26-C027-4762-8180-66BA8A31B931}"
EndProject
Global
	GlobalSection(SolutionConfigurationPlatforms) = preSolution
		Debug|Any CPU = Debug|Any CPU
		Release|Any CPU = Release|Any CPU
	EndGlobalSection
	GlobalSection(ProjectConfigurationPlatforms) = postSolution
		{2E328522-D4C6-4449-A383-AD140E5D345E}.Debug|Any CPU.ActiveCfg = Debug|Any CPU
		{2E328522-D4C6-4449-A383-AD140E5D345E}.Debug|Any CPU.Build.0 = Debug|Any CPU
		{2E328522-D4C6-4449-A383-AD140E5D345E}.Release|Any CPU.ActiveCfg = Release|Any CPU
		{2E328522-D4C6-4449-A383-AD140E5D345E}.Release|Any CPU.Build.0 = Release|Any CPU
		{9AB64050-096F-4F2F-8C5E-F87D4B420ED8}.Debug|Any CPU.ActiveCfg = Debug|Any CPU
		{9AB64050-096F-4F2F-8C5E-F87D4B420ED8}.Debug|Any CPU.Build.0 = Debug|Any CPU
		{9AB64050-096F-4F2F-8C5E-F87D4B420ED8}.Release|Any CPU.ActiveCfg = Release|Any CPU
		{9AB64050-096F-4F2F-8C5E-F87D4B420ED8}.Release|Any CPU.Build.0 = Release|Any CPU
		{DBFA7915-A682-41B8-9924-7EEDB8524F92}.Debug|Any CPU.ActiveCfg = Debug|Any CPU
		{DBFA7915-A682-41B8-9924-7EEDB8524F92}.Debug|Any CPU.Build.0 = Debug|Any CPU
		{DBFA7915-A682-41B8-9924-7EEDB8524F92}.Release|Any CPU.ActiveCfg = Release|Any CPU
		{DBFA7915-A682-41B8-9924-7EEDB8524F92}.Release|Any CPU.Build.0 = Release|Any CPU
		{7E23E853-DCE6-44D6-9931-D542915C954C}.Debug|Any CPU.ActiveCfg = Debug|Any CPU
		{7E23E853-DCE6-44D6-9931-D542915C954C}.Debug|Any CPU.Build.0 = Debug|Any CPU
		{7E23E853-DCE6-44D6-9931-D542915C954C}.Release|Any CPU.ActiveCfg = Release|Any CPU
		{7E23E853-DCE6-44D6-9931-D542915C954C}.Release|Any CPU.Build.0 = Release|Any CPU
		{4A9B9EB2-475B-467B-8C6C-6DF407790CD4}.Debug|Any CPU.ActiveCfg = Debug|Any CPU
		{4A9B9EB2-475B-467B-8C6C-6DF407790CD4}.Debug|Any CPU.Build.0 = Debug|Any CPU
		{4A9B9EB2-475B-467B-8C6C-6DF407790CD4}.Release|Any CPU.ActiveCfg = Release|Any CPU
		{4A9B9EB2-475B-467B-8C6C-6DF407790CD4}.Release|Any CPU.Build.0 = Release|Any CPU
		{183F693F-89C5-4107-892B-20F51F7959E6}.Debug|Any CPU.ActiveCfg = Debug|Any CPU
		{183F693F-89C5-4107-892B-20F51F7959E6}.Debug|Any CPU.Build.0 = Debug|Any CPU
		{183F693F-89C5-4107-892B-20F51F7959E6}.Release|Any CPU.ActiveCfg = Release|Any CPU
		{183F693F-89C5-4107-892B-20F51F7959E6}.Release|Any CPU.Build.0 = Release|Any CPU
		{838F27DF-14B4-49A2-A854-89CCE1FF5B31}.Debug|Any CPU.ActiveCfg = Debug|Any CPU
		{838F27DF-14B4-49A2-A854-89CCE1FF5B31}.Debug|Any CPU.Build.0 = Debug|Any CPU
		{838F27DF-14B4-49A2-A854-89CCE1FF5B31}.Release|Any CPU.ActiveCfg = Release|Any CPU
		{838F27DF-14B4-49A2-A854-89CCE1FF5B31}.Release|Any CPU.Build.0 = Release|Any CPU
		{37B1BB3C-A886-4B18-9732-A7E2F906C08E}.Debug|Any CPU.ActiveCfg = Debug|Any CPU
		{37B1BB3C-A886-4B18-9732-A7E2F906C08E}.Debug|Any CPU.Build.0 = Debug|Any CPU
		{37B1BB3C-A886-4B18-9732-A7E2F906C08E}.Release|Any CPU.ActiveCfg = Release|Any CPU
		{37B1BB3C-A886-4B18-9732-A7E2F906C08E}.Release|Any CPU.Build.0 = Release|Any CPU
		{7DAE0D26-C027-4762-8180-66BA8A31B931}.Debug|Any CPU.ActiveCfg = Debug|Any CPU
		{7DAE0D26-C027-4762-8180-66BA8A31B931}.Debug|Any CPU.Build.0 = Debug|Any CPU
		{7DAE0D26-C027-4762-8180-66BA8A31B931}.Release|Any CPU.ActiveCfg = Release|Any CPU
		{7DAE0D26-C027-4762-8180-66BA8A31B931}.Release|Any CPU.Build.0 = Release|Any CPU
	EndGlobalSection
	GlobalSection(SolutionProperties) = preSolution
		HideSolutionNode = FALSE
	EndGlobalSection
EndGlobal
